
Microsoft Visual Studio Solution File, Format Version 10.00
# Visual Studio 2008
Project("{FAE04EC0-301F-11D3-BF4B-00C04F79EFBC}") = "HexStringDecoder", "HexStringDecoder\HexStringDecoder.csproj", "{9ADA7894-3FC9-4644-B110-35E1CB46563C}"
EndProject
Global
	GlobalSection(SolutionConfigurationPlatforms) = preSolution
		Debug|Any CPU = Debug|Any CPU
		Release|Any CPU = Release|Any CPU
	EndGlobalSection
	GlobalSection(ProjectConfigurationPlatforms) = postSolution
		{9ADA7894-3FC9-4644-B110-35E1CB46563C}.Debug|Any CPU.ActiveCfg = Debug|Any CPU
		{9ADA7894-3FC9-4644-B110-35E1CB46563C}.Debug|Any CPU.Build.0 = Debug|Any CPU
		{9ADA7894-3FC9-4644-B110-35E1CB46563C}.Release|Any CPU.ActiveCfg = Release|Any CPU
		{9ADA7894-3FC9-4644-B110-35E1CB46563C}.Release|Any CPU.Build.0 = Release|Any CPU
	EndGlobalSection
	GlobalSection(SolutionProperties) = preSolution
		HideSolutionNode = FALSE
	EndGlobalSection
EndGlobal
